dependencies:
  espressif/ssd1306:
    component_hash: bb9d18fd14ba2b11ca7ce426fc059e3ae7c44e7635e3a62eeae9e44c2ca0db46
    source:
      service_url: https://api.components.espressif.com/
      type: service
    version: 1.0.5
  idf:
    component_hash: null
    source:
      type: idf
    version: 5.1.2
manifest_hash: 60eeed0bcee61da7f4d12120843cc2a3f0fac83b5fafaa0192f651a9083cf87a
target: esp32
version: 1.0.0
